
Microsoft Visual Studio Solution File, Format Version 12.00
# Visual Studio Version 17
Project("{8BC9CEB8-8B4A-11D0-8D11-00A0C91BC942}") = "ALL_BUILD", "ALL_BUILD.vcxproj", "{057EA815-9262-3A02-B036-0D87829C700A}"
	ProjectSection(ProjectDependencies) = postProject
		{F1D6FB6F-A6D9-3D40-A768-D74FBFE0A39B} = {F1D6FB6F-A6D9-3D40-A768-D74FBFE0A39B}
		{96D3B269-6DFC-3EBD-A543-C3783DEF753C} = {96D3B269-6DFC-3EBD-A543-C3783DEF753C}
	EndProjectSection
EndProject
Project("{8BC9CEB8-8B4A-11D0-8D11-00A0C91BC942}") = "VirtualNDITray", "VirtualNDITray.vcxproj", "{F1D6FB6F-A6D9-3D40-A768-D74FBFE0A39B}"
	ProjectSection(ProjectDependencies) = postProject
		{96D3B269-6DFC-3EBD-A543-C3783DEF753C} = {96D3B269-6DFC-3EBD-A543-C3783DEF753C}
	EndProjectSection
EndProject
Project("{8BC9CEB8-8B4A-11D0-8D11-00A0C91BC942}") = "ZERO_CHECK", "ZERO_CHECK.vcxproj", "{96D3B269-6DFC-3EBD-A543-C3783DEF753C}"
	ProjectSection(ProjectDependencies) = postProject
	EndProjectSection
EndProject
Global
	GlobalSection(SolutionConfigurationPlatforms) = preSolution
		Debug|x64 = Debug|x64
		Release|x64 = Release|x64
		MinSizeRel|x64 = MinSizeRel|x64
		RelWithDebInfo|x64 = RelWithDebInfo|x64
	EndGlobalSection
	GlobalSection(ProjectConfigurationPlatforms) = postSolution
		{057EA815-9262-3A02-B036-0D87829C700A}.Debug|x64.ActiveCfg = Debug|x64
		{057EA815-9262-3A02-B036-0D87829C700A}.Release|x64.ActiveCfg = Release|x64
		{057EA815-9262-3A02-B036-0D87829C700A}.MinSizeRel|x64.ActiveCfg = MinSizeRel|x64
		{057EA815-9262-3A02-B036-0D87829C700A}.RelWithDebInfo|x64.ActiveCfg = RelWithDebInfo|x64
		{F1D6FB6F-A6D9-3D40-A768-D74FBFE0A39B}.Debug|x64.ActiveCfg = Debug|x64
		{F1D6FB6F-A6D9-3D40-A768-D74FBFE0A39B}.Debug|x64.Build.0 = Debug|x64
		{F1D6FB6F-A6D9-3D40-A768-D74FBFE0A39B}.Release|x64.ActiveCfg = Release|x64
		{F1D6FB6F-A6D9-3D40-A768-D74FBFE0A39B}.Release|x64.Build.0 = Release|x64
		{F1D6FB6F-A6D9-3D40-A768-D74FBFE0A39B}.MinSizeRel|x64.ActiveCfg = MinSizeRel|x64
		{F1D6FB6F-A6D9-3D40-A768-D74FBFE0A39B}.MinSizeRel|x64.Build.0 = MinSizeRel|x64
		{F1D6FB6F-A6D9-3D40-A768-D74FBFE0A39B}.RelWithDebInfo|x64.ActiveCfg = RelWithDebInfo|x64
		{F1D6FB6F-A6D9-3D40-A768-D74FBFE0A39B}.RelWithDebInfo|x64.Build.0 = RelWithDebInfo|x64
		{96D3B269-6DFC-3EBD-A543-C3783DEF753C}.Debug|x64.ActiveCfg = Debug|x64
		{96D3B269-6DFC-3EBD-A543-C3783DEF753C}.Debug|x64.Build.0 = Debug|x64
		{96D3B269-6DFC-3EBD-A543-C3783DEF753C}.Release|x64.ActiveCfg = Release|x64
		{96D3B269-6DFC-3EBD-A543-C3783DEF753C}.Release|x64.Build.0 = Release|x64
		{96D3B269-6DFC-3EBD-A543-C3783DEF753C}.MinSizeRel|x64.ActiveCfg = MinSizeRel|x64
		{96D3B269-6DFC-3EBD-A543-C3783DEF753C}.MinSizeRel|x64.Build.0 = MinSizeRel|x64
		{96D3B269-6DFC-3EBD-A543-C3783DEF753C}.RelWithDebInfo|x64.ActiveCfg = RelWithDebInfo|x64
		{96D3B269-6DFC-3EBD-A543-C3783DEF753C}.RelWithDebInfo|x64.Build.0 = RelWithDebInfo|x64
	EndGlobalSection
	GlobalSection(ExtensibilityGlobals) = postSolution
		SolutionGuid = {0321BEE9-D611-3FA7-B1EA-1A6A950BC712}
	EndGlobalSection
	GlobalSection(ExtensibilityAddIns) = postSolution
	EndGlobalSection
EndGlobal
